
Microsoft Visual Studio Solution File, Format Version 12.00
# Visual Studio Version 16
VisualStudioVersion = 16.0.33529.622
MinimumVisualStudioVersion = 10.0.40219.1
Project("{8BC9CEB8-8B4A-11D0-8D11-00A0C91BC942}") = "ConsoleApplication1", "ConsoleApplication1\ConsoleApplication1.vcxproj", "{7044C00B-1DA2-4A26-9CAA-79D581D3EA03}"
EndProject
Project("{8BC9CEB8-8B4A-11D0-8D11-00A0C91BC942}") = "foo", "foo\foo.vcxproj", "{EC34628E-BAA7-40F1-95A7-8618AB7042C1}"
EndProject
Project("{8BC9CEB8-8B4A-11D0-8D11-00A0C91BC942}") = "bar", "bar\bar.vcxproj", "{A94ADFE9-317A-4879-93AE-DCA1AE879B6E}"
EndProject
Global
	GlobalSection(SolutionConfigurationPlatforms) = preSolution
		Debug|x64 = Debug|x64
		Debug|x86 = Debug|x86
		Release|x64 = Release|x64
		Release|x86 = Release|x86
	EndGlobalSection
	GlobalSection(ProjectConfigurationPlatforms) = postSolution
		{7044C00B-1DA2-4A26-9CAA-79D581D3EA03}.Debug|x64.ActiveCfg = Debug|x64
		{7044C00B-1DA2-4A26-9CAA-79D581D3EA03}.Debug|x64.Build.0 = Debug|x64
		{7044C00B-1DA2-4A26-9CAA-79D581D3EA03}.Debug|x86.ActiveCfg = Debug|Win32
		{7044C00B-1DA2-4A26-9CAA-79D581D3EA03}.Debug|x86.Build.0 = Debug|Win32
		{7044C00B-1DA2-4A26-9CAA-79D581D3EA03}.Release|x64.ActiveCfg = Release|x64
		{7044C00B-1DA2-4A26-9CAA-79D581D3EA03}.Release|x64.Build.0 = Release|x64
		{7044C00B-1DA2-4A26-9CAA-79D581D3EA03}.Release|x86.ActiveCfg = Release|Win32
		{7044C00B-1DA2-4A26-9CAA-79D581D3EA03}.Release|x86.Build.0 = Release|Win32
		{EC34628E-BAA7-40F1-95A7-8618AB7042C1}.Debug|x64.ActiveCfg = Debug|x64
		{EC34628E-BAA7-40F1-95A7-8618AB7042C1}.Debug|x64.Build.0 = Debug|x64
		{EC34628E-BAA7-40F1-95A7-8618AB7042C1}.Debug|x86.ActiveCfg = Debug|Win32
		{EC34628E-BAA7-40F1-95A7-8618AB7042C1}.Debug|x86.Build.0 = Debug|Win32
		{EC34628E-BAA7-40F1-95A7-8618AB7042C1}.Release|x64.ActiveCfg = Release|x64
		{EC34628E-BAA7-40F1-95A7-8618AB7042C1}.Release|x64.Build.0 = Release|x64
		{EC34628E-BAA7-40F1-95A7-8618AB7042C1}.Release|x86.ActiveCfg = Release|Win32
		{EC34628E-BAA7-40F1-95A7-8618AB7042C1}.Release|x86.Build.0 = Release|Win32
		{A94ADFE9-317A-4879-93AE-DCA1AE879B6E}.Debug|x64.ActiveCfg = Debug|x64
		{A94ADFE9-317A-4879-93AE-DCA1AE879B6E}.Debug|x64.Build.0 = Debug|x64
		{A94ADFE9-317A-4879-93AE-DCA1AE879B6E}.Debug|x86.ActiveCfg = Debug|Win32
		{A94ADFE9-317A-4879-93AE-DCA1AE879B6E}.Debug|x86.Build.0 = Debug|Win32
		{A94ADFE9-317A-4879-93AE-DCA1AE879B6E}.Release|x64.ActiveCfg = Release|x64
		{A94ADFE9-317A-4879-93AE-DCA1AE879B6E}.Release|x64.Build.0 = Release|x64
		{A94ADFE9-317A-4879-93AE-DCA1AE879B6E}.Release|x86.ActiveCfg = Release|Win32
		{A94ADFE9-317A-4879-93AE-DCA1AE879B6E}.Release|x86.Build.0 = Release|Win32
	EndGlobalSection
	GlobalSection(SolutionProperties) = preSolution
		HideSolutionNode = FALSE
	EndGlobalSection
	GlobalSection(ExtensibilityGlobals) = postSolution
		SolutionGuid = {B556B7AF-1E87-41F0-86A0-EC694A79757C}
	EndGlobalSection
EndGlobal
